
Microsoft Visual Studio Solution File, Format Version 12.00
# Visual Studio Version 17
VisualStudioVersion = 17.14.36414.22 d17.14
MinimumVisualStudioVersion = 10.0.40219.1
Project("{FAE04EC0-301F-11D3-BF4B-00C04F79EFBC}") = "Crockhead.Table", "Crockhead.Table.csproj", "{FBFB3B7A-494D-DE2C-0EF0-D70B946BD446}"
EndProject
Global
	GlobalSection(SolutionConfigurationPlatforms) = preSolution
		Debug|Any CPU = Debug|Any CPU
		Release|Any CPU = Release|Any CPU
	EndGlobalSection
	GlobalSection(ProjectConfigurationPlatforms) = postSolution
		{FBFB3B7A-494D-DE2C-0EF0-D70B946BD446}.Debug|Any CPU.ActiveCfg = Debug|Any CPU
		{FBFB3B7A-494D-DE2C-0EF0-D70B946BD446}.Debug|Any CPU.Build.0 = Debug|Any CPU
		{FBFB3B7A-494D-DE2C-0EF0-D70B946BD446}.Release|Any CPU.ActiveCfg = Release|Any CPU
		{FBFB3B7A-494D-DE2C-0EF0-D70B946BD446}.Release|Any CPU.Build.0 = Release|Any CPU
	EndGlobalSection
	GlobalSection(SolutionProperties) = preSolution
		HideSolutionNode = FALSE
	EndGlobalSection
	GlobalSection(ExtensibilityGlobals) = postSolution
		SolutionGuid = {911AD2D8-9508-4440-9EFB-90BA5CA34D8E}
	EndGlobalSection
EndGlobal
